
Microsoft Visual Studio Solution File, Format Version 12.00
# Visual Studio 15
VisualStudioVersion = 15.0.28307.106
MinimumVisualStudioVersion = 10.0.40219.1
Project("{FAE04EC0-301F-11D3-BF4B-00C04F79EFBC}") = "Hello", "Hello\Hello.csproj", "{DB8D1276-DCBE-44A1-9F0E-48F2EF01C846}"
EndProject
Global
	GlobalSection(SolutionConfigurationPlatforms) = preSolution
		Debug|Any CPU = Debug|Any CPU
		Release|Any CPU = Release|Any CPU
	EndGlobalSection
	GlobalSection(ProjectConfigurationPlatforms) = postSolution
		{DB8D1276-DCBE-44A1-9F0E-48F2EF01C846}.Debug|Any CPU.ActiveCfg = Debug|Any CPU
		{DB8D1276-DCBE-44A1-9F0E-48F2EF01C846}.Debug|Any CPU.Build.0 = Debug|Any CPU
		{DB8D1276-DCBE-44A1-9F0E-48F2EF01C846}.Release|Any CPU.ActiveCfg = Release|Any CPU
		{DB8D1276-DCBE-44A1-9F0E-48F2EF01C846}.Release|Any CPU.Build.0 = Release|Any CPU
	EndGlobalSection
	GlobalSection(SolutionProperties) = preSolution
		HideSolutionNode = FALSE
	EndGlobalSection
	GlobalSection(ExtensibilityGlobals) = postSolution
		SolutionGuid = {7BEE9B80-DC87-4CA9-82F4-66A04BE31CC5}
	EndGlobalSection
EndGlobal
